// !$*UTF8*$!
{
	archiveVersion = 1;
	classes = {
	};
	objectVersion = 50;
	objects = {

/* Begin PBXBuildFile section */
		1E0E557F23702F1800794DFF /* DeviceInfo.swift in Sources */ = {isa = PBXBuildFile; fileRef = 1E0E557E23702F1800794DFF /* DeviceInfo.swift */; };
		1E0E558D2370464800794DFF /* Button.swift in Sources */ = {isa = PBXBuildFile; fileRef = 1E0E558C2370464800794DFF /* Button.swift */; };
		1E0E55A32373070600794DFF /* GroupButton.swift in Sources */ = {isa = PBXBuildFile; fileRef = 1E0E55A22373070600794DFF /* GroupButton.swift */; };
		1E0E55A523730D2D00794DFF /* GroupButtonTableViewCell.swift in Sources */ = {isa = PBXBuildFile; fileRef = 1E0E55A423730D2D00794DFF /* GroupButtonTableViewCell.swift */; };
		1E0E55A72373265000794DFF /* DevicesInGroupViewController.swift in Sources */ = {isa = PBXBuildFile; fileRef = 1E0E55A62373265000794DFF /* DevicesInGroupViewController.swift */; };
		1E2C9D292370195A00355398 /* MainTabBarController.swift in Sources */ = {isa = PBXBuildFile; fileRef = 1E2C9D282370195A00355398 /* MainTabBarController.swift */; };
		1E2C9D2B23701C6A00355398 /* ViewController.swift in Sources */ = {isa = PBXBuildFile; fileRef = 1E2C9D2A23701C6A00355398 /* ViewController.swift */; };
		1E2C9D2D23701C7B00355398 /* ScenariosViewController.swift in Sources */ = {isa = PBXBuildFile; fileRef = 1E2C9D2C23701C7B00355398 /* ScenariosViewController.swift */; };
		1E2C9D3423702C3F00355398 /* TelldusKeys.swift in Sources */ = {isa = PBXBuildFile; fileRef = 1E2C9D3323702C3F00355398 /* TelldusKeys.swift */; };
		1E31BB3D23850C39000C91E5 /* AllDevicesController.swift in Sources */ = {isa = PBXBuildFile; fileRef = 1E31BB3C23850C39000C91E5 /* AllDevicesController.swift */; };
		1E31BB4523851728000C91E5 /* AllDevicesCollectionViewCell.swift in Sources */ = {isa = PBXBuildFile; fileRef = 1E31BB4423851728000C91E5 /* AllDevicesCollectionViewCell.swift */; };
		1E31BB4723859CDD000C91E5 /* PopupSliderViewController.swift in Sources */ = {isa = PBXBuildFile; fileRef = 1E31BB4623859CDD000C91E5 /* PopupSliderViewController.swift */; };
		1E52F1B92383093500B4C128 /* OAuthSwift.framework in Frameworks */ = {isa = PBXBuildFile; fileRef = 1E0E556523702DDB00794DFF /* OAuthSwift.framework */; };
		1E52F1BA2383093500B4C128 /* OAuthSwift.framework in Embed Frameworks */ = {isa = PBXBuildFile; fileRef = 1E0E556523702DDB00794DFF /* OAuthSwift.framework */; settings = {ATTRIBUTES = (CodeSignOnCopy, RemoveHeadersOnCopy, ); }; };
		1E972AEB238AE827003F6C9F /* CameraController.swift in Sources */ = {isa = PBXBuildFile; fileRef = 1E972AEA238AE827003F6C9F /* CameraController.swift */; };
		1E972B00238C63FA003F6C9F /* ApiManager.swift in Sources */ = {isa = PBXBuildFile; fileRef = 1E972AFF238C63FA003F6C9F /* ApiManager.swift */; };
		1E972B02238CE9DE003F6C9F /* ScenariosCollectionViewCell.swift in Sources */ = {isa = PBXBuildFile; fileRef = 1E972B01238CE9DE003F6C9F /* ScenariosCollectionViewCell.swift */; };
		1E9C5FE5237C031400700C1B /* MessageFromTelldus.swift in Sources */ = {isa = PBXBuildFile; fileRef = 1E9C5FE4237C031400700C1B /* MessageFromTelldus.swift */; };
		1E9C5FEE237D3C6F00700C1B /* DevicesInGroupCollectionViewCell.swift in Sources */ = {isa = PBXBuildFile; fileRef = 1E9C5FED237D3C6F00700C1B /* DevicesInGroupCollectionViewCell.swift */; };
		1E9C5FF0237D947500700C1B /* ButtonSettingsViewController.swift in Sources */ = {isa = PBXBuildFile; fileRef = 1E9C5FEF237D947500700C1B /* ButtonSettingsViewController.swift */; };
		1EA0CC6E237480EE00571C9B /* SettingsViewController.swift in Sources */ = {isa = PBXBuildFile; fileRef = 1EA0CC6D237480EE00571C9B /* SettingsViewController.swift */; };
		1EA0CC722375A29700571C9B /* GroupCollectionViewCell.swift in Sources */ = {isa = PBXBuildFile; fileRef = 1EA0CC712375A29700571C9B /* GroupCollectionViewCell.swift */; };
		1EA0CC89237AA1AC00571C9B /* AddGroupViewController.swift in Sources */ = {isa = PBXBuildFile; fileRef = 1EA0CC88237AA1AC00571C9B /* AddGroupViewController.swift */; };
		1EBDF306237EA97A0046ADF0 /* ButtonSettingsCollectionViewCell.swift in Sources */ = {isa = PBXBuildFile; fileRef = 1EBDF305237EA97A0046ADF0 /* ButtonSettingsCollectionViewCell.swift */; };
		1ECAD69F2366B73400FBA461 /* AppDelegate.swift in Sources */ = {isa = PBXBuildFile; fileRef = 1ECAD69E2366B73400FBA461 /* AppDelegate.swift */; };
		1ECAD6A12366B73400FBA461 /* SceneDelegate.swift in Sources */ = {isa = PBXBuildFile; fileRef = 1ECAD6A02366B73400FBA461 /* SceneDelegate.swift */; };
		1ECAD6A92366B73400FBA461 /* MySmartHome.xcdatamodeld in Sources */ = {isa = PBXBuildFile; fileRef = 1ECAD6A72366B73400FBA461 /* MySmartHome.xcdatamodeld */; };
		1ECAD6AB2366B73500FBA461 /* Assets.xcassets in Resources */ = {isa = PBXBuildFile; fileRef = 1ECAD6AA2366B73500FBA461 /* Assets.xcassets */; };
		1ECAD6AE2366B73500FBA461 /* LaunchScreen.storyboard in Resources */ = {isa = PBXBuildFile; fileRef = 1ECAD6AC2366B73500FBA461 /* LaunchScreen.storyboard */; };
/* End PBXBuildFile section */

/* Begin PBXContainerItemProxy section */
		1E0E556423702DDB00794DFF /* PBXContainerItemProxy */ = {
			isa = PBXContainerItemProxy;
			containerPortal = 1E0E555A23702DDB00794DFF /* OAuthSwift.xcodeproj */;
			proxyType = 2;
			remoteGlobalIDString = F435027A1A6791B200038A29;
			remoteInfo = OAuthSwift;
		};
		1E0E556623702DDB00794DFF /* PBXContainerItemProxy */ = {
			isa = PBXContainerItemProxy;
			containerPortal = 1E0E555A23702DDB00794DFF /* OAuthSwift.xcodeproj */;
			proxyType = 2;
			remoteGlobalIDString = C48B28021AFA598D00C7DEF6;
			remoteInfo = OAuthSwiftMacOS;
		};
		1E0E556823702DDB00794DFF /* PBXContainerItemProxy */ = {
			isa = PBXContainerItemProxy;
			containerPortal = 1E0E555A23702DDB00794DFF /* OAuthSwift.xcodeproj */;
			proxyType = 2;
			remoteGlobalIDString = C4B6EE1E1BF74CE300443596;
			remoteInfo = OAuthSwiftTVOS;
		};
		1E0E556A23702DDB00794DFF /* PBXContainerItemProxy */ = {
			isa = PBXContainerItemProxy;
			containerPortal = 1E0E555A23702DDB00794DFF /* OAuthSwift.xcodeproj */;
			proxyType = 2;
			remoteGlobalIDString = C40890C01C11B37000E3146A;
			remoteInfo = OAuthSwiftWatchOS;
		};
		1E0E556C23702DDB00794DFF /* PBXContainerItemProxy */ = {
			isa = PBXContainerItemProxy;
			containerPortal = 1E0E555A23702DDB00794DFF /* OAuthSwift.xcodeproj */;
			proxyType = 2;
			remoteGlobalIDString = F451E3C5195B8CD80051434C;
			remoteInfo = OAuthSwiftDemo;
		};
		1E0E556E23702DDB00794DFF /* PBXContainerItemProxy */ = {
			isa = PBXContainerItemProxy;
			containerPortal = 1E0E555A23702DDB00794DFF /* OAuthSwift.xcodeproj */;
			proxyType = 2;
			remoteGlobalIDString = C49FD5241AFB5DF500791E1A;
			remoteInfo = OAuthSwiftMacOSDemo;
		};
		1E0E557023702DDB00794DFF /* PBXContainerItemProxy */ = {
			isa = PBXContainerItemProxy;
			containerPortal = 1E0E555A23702DDB00794DFF /* OAuthSwift.xcodeproj */;
			proxyType = 2;
			remoteGlobalIDString = C4D50DF71BFB693F0053B624;
			remoteInfo = OAuthSwiftTests;
		};
		1E0E557323702EAE00794DFF /* PBXContainerItemProxy */ = {
			isa = PBXContainerItemProxy;
			containerPortal = 1E0E555A23702DDB00794DFF /* OAuthSwift.xcodeproj */;
			proxyType = 1;
			remoteGlobalIDString = F43502791A6791B200038A29;
			remoteInfo = OAuthSwift;
		};
/* End PBXContainerItemProxy section */

/* Begin PBXCopyFilesBuildPhase section */
		1E52F1BB2383093500B4C128 /* Embed Frameworks */ = {
			isa = PBXCopyFilesBuildPhase;
			buildActionMask = 2147483647;
			dstPath = "";
			dstSubfolderSpec = 10;
			files = (
				1E52F1BA2383093500B4C128 /* OAuthSwift.framework in Embed Frameworks */,
			);
			name = "Embed Frameworks";
			runOnlyForDeploymentPostprocessing = 0;
		};
/* End PBXCopyFilesBuildPhase section */

/* Begin PBXFileReference section */
		1E0E555A23702DDB00794DFF /* OAuthSwift.xcodeproj */ = {isa = PBXFileReference; lastKnownFileType = "wrapper.pb-project"; name = OAuthSwift.xcodeproj; path = ../../../OAuthSwift/OAuthSwift.xcodeproj; sourceTree = "<group>"; };
		1E0E557E23702F1800794DFF /* DeviceInfo.swift */ = {isa = PBXFileReference; lastKnownFileType = sourcecode.swift; path = DeviceInfo.swift; sourceTree = "<group>"; };
		1E0E558C2370464800794DFF /* Button.swift */ = {isa = PBXFileReference; lastKnownFileType = sourcecode.swift; path = Button.swift; sourceTree = "<group>"; };
		1E0E55A22373070600794DFF /* GroupButton.swift */ = {isa = PBXFileReference; lastKnownFileType = sourcecode.swift; path = GroupButton.swift; sourceTree = "<group>"; };
		1E0E55A423730D2D00794DFF /* GroupButtonTableViewCell.swift */ = {isa = PBXFileReference; lastKnownFileType = sourcecode.swift; path = GroupButtonTableViewCell.swift; sourceTree = "<group>"; };
		1E0E55A62373265000794DFF /* DevicesInGroupViewController.swift */ = {isa = PBXFileReference; lastKnownFileType = sourcecode.swift; path = DevicesInGroupViewController.swift; sourceTree = "<group>"; };
		1E2C9D282370195A00355398 /* MainTabBarController.swift */ = {isa = PBXFileReference; lastKnownFileType = sourcecode.swift; path = MainTabBarController.swift; sourceTree = "<group>"; };
		1E2C9D2A23701C6A00355398 /* ViewController.swift */ = {isa = PBXFileReference; lastKnownFileType = sourcecode.swift; path = ViewController.swift; sourceTree = "<group>"; };
		1E2C9D2C23701C7B00355398 /* ScenariosViewController.swift */ = {isa = PBXFileReference; lastKnownFileType = sourcecode.swift; path = ScenariosViewController.swift; sourceTree = "<group>"; };
		1E2C9D3323702C3F00355398 /* TelldusKeys.swift */ = {isa = PBXFileReference; lastKnownFileType = sourcecode.swift; path = TelldusKeys.swift; sourceTree = "<group>"; };
		1E31BB3C23850C39000C91E5 /* AllDevicesController.swift */ = {isa = PBXFileReference; lastKnownFileType = sourcecode.swift; path = AllDevicesController.swift; sourceTree = "<group>"; };
		1E31BB4423851728000C91E5 /* AllDevicesCollectionViewCell.swift */ = {isa = PBXFileReference; lastKnownFileType = sourcecode.swift; path = AllDevicesCollectionViewCell.swift; sourceTree = "<group>"; };
		1E31BB4623859CDD000C91E5 /* PopupSliderViewController.swift */ = {isa = PBXFileReference; lastKnownFileType = sourcecode.swift; path = PopupSliderViewController.swift; sourceTree = "<group>"; };
		1E972AEA238AE827003F6C9F /* CameraController.swift */ = {isa = PBXFileReference; lastKnownFileType = sourcecode.swift; path = CameraController.swift; sourceTree = "<group>"; };
		1E972AFF238C63FA003F6C9F /* ApiManager.swift */ = {isa = PBXFileReference; lastKnownFileType = sourcecode.swift; path = ApiManager.swift; sourceTree = "<group>"; };
		1E972B01238CE9DE003F6C9F /* ScenariosCollectionViewCell.swift */ = {isa = PBXFileReference; lastKnownFileType = sourcecode.swift; path = ScenariosCollectionViewCell.swift; sourceTree = "<group>"; };
		1E9C5FE4237C031400700C1B /* MessageFromTelldus.swift */ = {isa = PBXFileReference; lastKnownFileType = sourcecode.swift; path = MessageFromTelldus.swift; sourceTree = "<group>"; };
		1E9C5FED237D3C6F00700C1B /* DevicesInGroupCollectionViewCell.swift */ = {isa = PBXFileReference; lastKnownFileType = sourcecode.swift; path = DevicesInGroupCollectionViewCell.swift; sourceTree = "<group>"; };
		1E9C5FEF237D947500700C1B /* ButtonSettingsViewController.swift */ = {isa = PBXFileReference; lastKnownFileType = sourcecode.swift; path = ButtonSettingsViewController.swift; sourceTree = "<group>"; };
		1EA0CC6D237480EE00571C9B /* SettingsViewController.swift */ = {isa = PBXFileReference; lastKnownFileType = sourcecode.swift; path = SettingsViewController.swift; sourceTree = "<group>"; };
		1EA0CC712375A29700571C9B /* GroupCollectionViewCell.swift */ = {isa = PBXFileReference; lastKnownFileType = sourcecode.swift; path = GroupCollectionViewCell.swift; sourceTree = "<group>"; };
		1EA0CC88237AA1AC00571C9B /* AddGroupViewController.swift */ = {isa = PBXFileReference; lastKnownFileType = sourcecode.swift; path = AddGroupViewController.swift; sourceTree = "<group>"; };
		1EBDF305237EA97A0046ADF0 /* ButtonSettingsCollectionViewCell.swift */ = {isa = PBXFileReference; lastKnownFileType = sourcecode.swift; path = ButtonSettingsCollectionViewCell.swift; sourceTree = "<group>"; };
		1ECAD69B2366B73400FBA461 /* MySmartHome.app */ = {isa = PBXFileReference; explicitFileType = wrapper.application; includeInIndex = 0; path = MySmartHome.app; sourceTree = BUILT_PRODUCTS_DIR; };
		1ECAD69E2366B73400FBA461 /* AppDelegate.swift */ = {isa = PBXFileReference; lastKnownFileType = sourcecode.swift; path = AppDelegate.swift; sourceTree = "<group>"; };
		1ECAD6A02366B73400FBA461 /* SceneDelegate.swift */ = {isa = PBXFileReference; lastKnownFileType = sourcecode.swift; path = SceneDelegate.swift; sourceTree = "<group>"; };
		1ECAD6A82366B73400FBA461 /* MySmartHome.xcdatamodel */ = {isa = PBXFileReference; lastKnownFileType = wrapper.xcdatamodel; path = MySmartHome.xcdatamodel; sourceTree = "<group>"; };
		1ECAD6AA2366B73500FBA461 /* Assets.xcassets */ = {isa = PBXFileReference; lastKnownFileType = folder.assetcatalog; path = Assets.xcassets; sourceTree = "<group>"; };
		1ECAD6AD2366B73500FBA461 /* Base */ = {isa = PBXFileReference; lastKnownFileType = file.storyboard; name = Base; path = Base.lproj/LaunchScreen.storyboard; sourceTree = "<group>"; };
		1ECAD6AF2366B73500FBA461 /* Info.plist */ = {isa = PBXFileReference; lastKnownFileType = text.plist.xml; path = Info.plist; sourceTree = "<group>"; };
/* End PBXFileReference section */

/* Begin PBXFrameworksBuildPhase section */
		1ECAD6982366B73400FBA461 /* Frameworks */ = {
			isa = PBXFrameworksBuildPhase;
			buildActionMask = 2147483647;
			files = (
				1E52F1B92383093500B4C128 /* OAuthSwift.framework in Frameworks */,
			);
			runOnlyForDeploymentPostprocessing = 0;
		};
/* End PBXFrameworksBuildPhase section */

/* Begin PBXGroup section */
		1E0E555B23702DDB00794DFF /* Products */ = {
			isa = PBXGroup;
			children = (
				1E0E556523702DDB00794DFF /* OAuthSwift.framework */,
				1E0E556723702DDB00794DFF /* OAuthSwift.framework */,
				1E0E556923702DDB00794DFF /* OAuthSwift.framework */,
				1E0E556B23702DDB00794DFF /* OAuthSwift.framework */,
				1E0E556D23702DDB00794DFF /* OAuthSwiftDemo.app */,
				1E0E556F23702DDB00794DFF /* OAuthSwiftMacOSDemo.app */,
				1E0E557123702DDB00794DFF /* OAuthSwiftTests.xctest */,
			);
			name = Products;
			sourceTree = "<group>";
		};
		1E0E558B237045F900794DFF /* CustomButton */ = {
			isa = PBXGroup;
			children = (
				1E0E558C2370464800794DFF /* Button.swift */,
			);
			path = CustomButton;
			sourceTree = "<group>";
		};
		1E0E559A237152A300794DFF /* TabBarViewControllers */ = {
			isa = PBXGroup;
			children = (
				1E2C9D282370195A00355398 /* MainTabBarController.swift */,
			);
			path = TabBarViewControllers;
			sourceTree = "<group>";
		};
		1E0E559B237152DA00794DFF /* TestViewController */ = {
			isa = PBXGroup;
			children = (
			);
			path = TestViewController;
			sourceTree = "<group>";
		};
		1E2C9D3023702BF300355398 /* Model */ = {
			isa = PBXGroup;
			children = (
				1E0E557E23702F1800794DFF /* DeviceInfo.swift */,
				1E2C9D3323702C3F00355398 /* TelldusKeys.swift */,
				1E9C5FE4237C031400700C1B /* MessageFromTelldus.swift */,
				1E972AEA238AE827003F6C9F /* CameraController.swift */,
				1E0E55A22373070600794DFF /* GroupButton.swift */,
				1E972AFF238C63FA003F6C9F /* ApiManager.swift */,
			);
			path = Model;
			sourceTree = "<group>";
		};
		1E52F1B22383093500B4C128 /* Frameworks */ = {
			isa = PBXGroup;
			children = (
			);
			name = Frameworks;
			sourceTree = "<group>";
		};
		1E52F1BC238407E300B4C128 /* AddGroupControllers */ = {
			isa = PBXGroup;
			children = (
				1EA0CC88237AA1AC00571C9B /* AddGroupViewController.swift */,
				1EA0CC712375A29700571C9B /* GroupCollectionViewCell.swift */,
			);
			path = AddGroupControllers;
			sourceTree = "<group>";
		};
		1E52F1BD2384084000B4C128 /* SettingsButtonOnBigButton */ = {
			isa = PBXGroup;
			children = (
				1E9C5FEF237D947500700C1B /* ButtonSettingsViewController.swift */,
				1EBDF305237EA97A0046ADF0 /* ButtonSettingsCollectionViewCell.swift */,
			);
			path = SettingsButtonOnBigButton;
			sourceTree = "<group>";
		};
		1E52F1BE238408AD00B4C128 /* DevicesControllers */ = {
			isa = PBXGroup;
			children = (
				1E0E55A62373265000794DFF /* DevicesInGroupViewController.swift */,
				1E9C5FED237D3C6F00700C1B /* DevicesInGroupCollectionViewCell.swift */,
			);
			path = DevicesControllers;
			sourceTree = "<group>";
		};
		1E972AF2238BC665003F6C9F /* SliderController */ = {
			isa = PBXGroup;
			children = (
				1E31BB4623859CDD000C91E5 /* PopupSliderViewController.swift */,
			);
			path = SliderController;
			sourceTree = "<group>";
		};
		1EA0CC66237480A500571C9B /* SettingsViewController */ = {
			isa = PBXGroup;
			children = (
				1EA0CC6D237480EE00571C9B /* SettingsViewController.swift */,
			);
			path = SettingsViewController;
			sourceTree = "<group>";
		};
		1EB6212F237EA5CC0066B14B /* GroupControllers */ = {
			isa = PBXGroup;
			children = (
				1E2C9D2A23701C6A00355398 /* ViewController.swift */,
				1E0E55A423730D2D00794DFF /* GroupButtonTableViewCell.swift */,
				1E52F1BE238408AD00B4C128 /* DevicesControllers */,
				1E52F1BC238407E300B4C128 /* AddGroupControllers */,
				1E52F1BD2384084000B4C128 /* SettingsButtonOnBigButton */,
			);
			path = GroupControllers;
			sourceTree = "<group>";
		};
		1EB62136237EA6030066B14B /* ScenariosControllers */ = {
			isa = PBXGroup;
			children = (
				1E2C9D2C23701C7B00355398 /* ScenariosViewController.swift */,
				1E972B01238CE9DE003F6C9F /* ScenariosCollectionViewCell.swift */,
			);
			path = ScenariosControllers;
			sourceTree = "<group>";
		};
		1EB62137237EA6260066B14B /* AllDevicesControllers */ = {
			isa = PBXGroup;
			children = (
				1E31BB3C23850C39000C91E5 /* AllDevicesController.swift */,
				1E31BB4423851728000C91E5 /* AllDevicesCollectionViewCell.swift */,
				1E972AF2238BC665003F6C9F /* SliderController */,
			);
			path = AllDevicesControllers;
			sourceTree = "<group>";
		};
		1ECAD6922366B73400FBA461 = {
			isa = PBXGroup;
			children = (
				1ECAD69D2366B73400FBA461 /* MySmartHome */,
				1ECAD69C2366B73400FBA461 /* Products */,
				1E52F1B22383093500B4C128 /* Frameworks */,
			);
			sourceTree = "<group>";
		};
		1ECAD69C2366B73400FBA461 /* Products */ = {
			isa = PBXGroup;
			children = (
				1ECAD69B2366B73400FBA461 /* MySmartHome.app */,
			);
			name = Products;
			sourceTree = "<group>";
		};
		1ECAD69D2366B73400FBA461 /* MySmartHome */ = {
			isa = PBXGroup;
			children = (
				1E0E559A237152A300794DFF /* TabBarViewControllers */,
				1EB6212F237EA5CC0066B14B /* GroupControllers */,
				1EB62136237EA6030066B14B /* ScenariosControllers */,
				1EB62137237EA6260066B14B /* AllDevicesControllers */,
				1EA0CC66237480A500571C9B /* SettingsViewController */,
				1E0E558B237045F900794DFF /* CustomButton */,
				1E2C9D3023702BF300355398 /* Model */,
				1E0E559B237152DA00794DFF /* TestViewController */,
				1ECAD69E2366B73400FBA461 /* AppDelegate.swift */,
				1ECAD6A02366B73400FBA461 /* SceneDelegate.swift */,
				1ECAD6AA2366B73500FBA461 /* Assets.xcassets */,
				1ECAD6AC2366B73500FBA461 /* LaunchScreen.storyboard */,
				1ECAD6AF2366B73500FBA461 /* Info.plist */,
				1ECAD6A72366B73400FBA461 /* MySmartHome.xcdatamodeld */,
				1E0E555A23702DDB00794DFF /* OAuthSwift.xcodeproj */,
			);
			path = MySmartHome;
			sourceTree = "<group>";
		};
/* End PBXGroup section */

/* Begin PBXNativeTarget section */
		1ECAD69A2366B73400FBA461 /* MySmartHome */ = {
			isa = PBXNativeTarget;
			buildConfigurationList = 1ECAD6B22366B73500FBA461 /* Build configuration list for PBXNativeTarget "MySmartHome" */;
			buildPhases = (
				1ECAD6972366B73400FBA461 /* Sources */,
				1ECAD6982366B73400FBA461 /* Frameworks */,
				1ECAD6992366B73400FBA461 /* Resources */,
				1E52F1BB2383093500B4C128 /* Embed Frameworks */,
			);
			buildRules = (
			);
			dependencies = (
				1E0E557423702EAE00794DFF /* PBXTargetDependency */,
			);
			name = MySmartHome;
			productName = MySmartHome;
			productReference = 1ECAD69B2366B73400FBA461 /* MySmartHome.app */;
			productType = "com.apple.product-type.application";
		};
/* End PBXNativeTarget section */

/* Begin PBXProject section */
		1ECAD6932366B73400FBA461 /* Project object */ = {
			isa = PBXProject;
			attributes = {
				LastSwiftUpdateCheck = 1100;
				LastUpgradeCheck = 1100;
				ORGANIZATIONNAME = "Björn Åhström";
				TargetAttributes = {
					1ECAD69A2366B73400FBA461 = {
						CreatedOnToolsVersion = 11.0;
					};
				};
			};
			buildConfigurationList = 1ECAD6962366B73400FBA461 /* Build configuration list for PBXProject "MySmartHome" */;
			compatibilityVersion = "Xcode 9.3";
			developmentRegion = en;
			hasScannedForEncodings = 0;
			knownRegions = (
				en,
				Base,
			);
			mainGroup = 1ECAD6922366B73400FBA461;
			productRefGroup = 1ECAD69C2366B73400FBA461 /* Products */;
			projectDirPath = "";
			projectReferences = (
				{
					ProductGroup = 1E0E555B23702DDB00794DFF /* Products */;
					ProjectRef = 1E0E555A23702DDB00794DFF /* OAuthSwift.xcodeproj */;
				},
			);
			projectRoot = "";
			targets = (
				1ECAD69A2366B73400FBA461 /* MySmartHome */,
			);
		};
/* End PBXProject section */

/* Begin PBXReferenceProxy section */
		1E0E556523702DDB00794DFF /* OAuthSwift.framework */ = {
			isa = PBXReferenceProxy;
			fileType = wrapper.framework;
			path = OAuthSwift.framework;
			remoteRef = 1E0E556423702DDB00794DFF /* PBXContainerItemProxy */;
			sourceTree = BUILT_PRODUCTS_DIR;
		};
		1E0E556723702DDB00794DFF /* OAuthSwift.framework */ = {
			isa = PBXReferenceProxy;
			fileType = wrapper.framework;
			path = OAuthSwift.framework;
			remoteRef = 1E0E556623702DDB00794DFF /* PBXContainerItemProxy */;
			sourceTree = BUILT_PRODUCTS_DIR;
		};
		1E0E556923702DDB00794DFF /* OAuthSwift.framework */ = {
			isa = PBXReferenceProxy;
			fileType = wrapper.framework;
			path = OAuthSwift.framework;
			remoteRef = 1E0E556823702DDB00794DFF /* PBXContainerItemProxy */;
			sourceTree = BUILT_PRODUCTS_DIR;
		};
		1E0E556B23702DDB00794DFF /* OAuthSwift.framework */ = {
			isa = PBXReferenceProxy;
			fileType = wrapper.framework;
			path = OAuthSwift.framework;
			remoteRef = 1E0E556A23702DDB00794DFF /* PBXContainerItemProxy */;
			sourceTree = BUILT_PRODUCTS_DIR;
		};
		1E0E556D23702DDB00794DFF /* OAuthSwiftDemo.app */ = {
			isa = PBXReferenceProxy;
			fileType = wrapper.application;
			path = OAuthSwiftDemo.app;
			remoteRef = 1E0E556C23702DDB00794DFF /* PBXContainerItemProxy */;
			sourceTree = BUILT_PRODUCTS_DIR;
		};
		1E0E556F23702DDB00794DFF /* OAuthSwiftMacOSDemo.app */ = {
			isa = PBXReferenceProxy;
			fileType = wrapper.application;
			path = OAuthSwiftMacOSDemo.app;
			remoteRef = 1E0E556E23702DDB00794DFF /* PBXContainerItemProxy */;
			sourceTree = BUILT_PRODUCTS_DIR;
		};
		1E0E557123702DDB00794DFF /* OAuthSwiftTests.xctest */ = {
			isa = PBXReferenceProxy;
			fileType = wrapper.cfbundle;
			path = OAuthSwiftTests.xctest;
			remoteRef = 1E0E557023702DDB00794DFF /* PBXContainerItemProxy */;
			sourceTree = BUILT_PRODUCTS_DIR;
		};
/* End PBXReferenceProxy section */

/* Begin PBXResourcesBuildPhase section */
		1ECAD6992366B73400FBA461 /* Resources */ = {
			isa = PBXResourcesBuildPhase;
			buildActionMask = 2147483647;
			files = (
				1ECAD6AE2366B73500FBA461 /* LaunchScreen.storyboard in Resources */,
				1ECAD6AB2366B73500FBA461 /* Assets.xcassets in Resources */,
			);
			runOnlyForDeploymentPostprocessing = 0;
		};
/* End PBXResourcesBuildPhase section */

/* Begin PBXSourcesBuildPhase section */
		1ECAD6972366B73400FBA461 /* Sources */ = {
			isa = PBXSourcesBuildPhase;
			buildActionMask = 2147483647;
			files = (
				1EBDF306237EA97A0046ADF0 /* ButtonSettingsCollectionViewCell.swift in Sources */,
				1E31BB4723859CDD000C91E5 /* PopupSliderViewController.swift in Sources */,
				1E0E55A32373070600794DFF /* GroupButton.swift in Sources */,
				1EA0CC6E237480EE00571C9B /* SettingsViewController.swift in Sources */,
				1E0E55A523730D2D00794DFF /* GroupButtonTableViewCell.swift in Sources */,
				1E2C9D2D23701C7B00355398 /* ScenariosViewController.swift in Sources */,
				1EA0CC89237AA1AC00571C9B /* AddGroupViewController.swift in Sources */,
				1E972B02238CE9DE003F6C9F /* ScenariosCollectionViewCell.swift in Sources */,
				1E9C5FF0237D947500700C1B /* ButtonSettingsViewController.swift in Sources */,
				1E31BB4523851728000C91E5 /* AllDevicesCollectionViewCell.swift in Sources */,
				1E2C9D2B23701C6A00355398 /* ViewController.swift in Sources */,
				1E31BB3D23850C39000C91E5 /* AllDevicesController.swift in Sources */,
				1ECAD69F2366B73400FBA461 /* AppDelegate.swift in Sources */,
				1E2C9D3423702C3F00355398 /* TelldusKeys.swift in Sources */,
				1ECAD6A92366B73400FBA461 /* MySmartHome.xcdatamodeld in Sources */,
				1E0E558D2370464800794DFF /* Button.swift in Sources */,
				1EA0CC722375A29700571C9B /* GroupCollectionViewCell.swift in Sources */,
				1E9C5FEE237D3C6F00700C1B /* DevicesInGroupCollectionViewCell.swift in Sources */,
				1E2C9D292370195A00355398 /* MainTabBarController.swift in Sources */,
				1ECAD6A12366B73400FBA461 /* SceneDelegate.swift in Sources */,
				1E972B00238C63FA003F6C9F /* ApiManager.swift in Sources */,
				1E0E55A72373265000794DFF /* DevicesInGroupViewController.swift in Sources */,
				1E9C5FE5237C031400700C1B /* MessageFromTelldus.swift in Sources */,
				1E972AEB238AE827003F6C9F /* CameraController.swift in Sources */,
				1E0E557F23702F1800794DFF /* DeviceInfo.swift in Sources */,
			);
			runOnlyForDeploymentPostprocessing = 0;
		};
/* End PBXSourcesBuildPhase section */

/* Begin PBXTargetDependency section */
		1E0E557423702EAE00794DFF /* PBXTargetDependency */ = {
			isa = PBXTargetDependency;
			name = OAuthSwift;
			targetProxy = 1E0E557323702EAE00794DFF /* PBXContainerItemProxy */;
		};
/* End PBXTargetDependency section */

/* Begin PBXVariantGroup section */
		1ECAD6AC2366B73500FBA461 /* LaunchScreen.storyboard */ = {
			isa = PBXVariantGroup;
			children = (
				1ECAD6AD2366B73500FBA461 /* Base */,
			);
			name = LaunchScreen.storyboard;
			sourceTree = "<group>";
		};
/* End PBXVariantGroup section */

/* Begin XCBuildConfiguration section */
		1ECAD6B02366B73500FBA461 /* Debug */ = {
			isa = XCBuildConfiguration;
			buildSettings = {
				ALWAYS_SEARCH_USER_PATHS = NO;
				CLANG_ANALYZER_NONNULL = YES;
				CLANG_ANALYZER_NUMBER_OBJECT_CONVERSION = YES_AGGRESSIVE;
				CLANG_CXX_LANGUAGE_STANDARD = "gnu++14";
				CLANG_CXX_LIBRARY = "libc++";
				CLANG_ENABLE_MODULES = YES;
				CLANG_ENABLE_OBJC_ARC = YES;
				CLANG_ENABLE_OBJC_WEAK = YES;
				CLANG_WARN_BLOCK_CAPTURE_AUTORELEASING = YES;
				CLANG_WARN_BOOL_CONVERSION = YES;
				CLANG_WARN_COMMA = YES;
				CLANG_WARN_CONSTANT_CONVERSION = YES;
				CLANG_WARN_DEPRECATED_OBJC_IMPLEMENTATIONS = YES;
				CLANG_WARN_DIRECT_OBJC_ISA_USAGE = YES_ERROR;
				CLANG_WARN_DOCUMENTATION_COMMENTS = YES;
				CLANG_WARN_EMPTY_BODY = YES;
				CLANG_WARN_ENUM_CONVERSION = YES;
				CLANG_WARN_INFINITE_RECURSION = YES;
				CLANG_WARN_INT_CONVERSION = YES;
				CLANG_WARN_NON_LITERAL_NULL_CONVERSION = YES;
				CLANG_WARN_OBJC_IMPLICIT_RETAIN_SELF = YES;
				CLANG_WARN_OBJC_LITERAL_CONVERSION = YES;
				CLANG_WARN_OBJC_ROOT_CLASS = YES_ERROR;
				CLANG_WARN_RANGE_LOOP_ANALYSIS = YES;
				CLANG_WARN_STRICT_PROTOTYPES = YES;
				CLANG_WARN_SUSPICIOUS_MOVE = YES;
				CLANG_WARN_UNGUARDED_AVAILABILITY = YES_AGGRESSIVE;
				CLANG_WARN_UNREACHABLE_CODE = YES;
				CLANG_WARN__DUPLICATE_METHOD_MATCH = YES;
				COPY_PHASE_STRIP = NO;
				DEBUG_INFORMATION_FORMAT = dwarf;
				ENABLE_STRICT_OBJC_MSGSEND = YES;
				ENABLE_TESTABILITY = YES;
				GCC_C_LANGUAGE_STANDARD = gnu11;
				GCC_DYNAMIC_NO_PIC = NO;
				GCC_NO_COMMON_BLOCKS = YES;
				GCC_OPTIMIZATION_LEVEL = 0;
				GCC_PREPROCESSOR_DEFINITIONS = (
					"DEBUG=1",
					"$(inherited)",
				);
				GCC_WARN_64_TO_32_BIT_CONVERSION = YES;
				GCC_WARN_ABOUT_RETURN_TYPE = YES_ERROR;
				GCC_WARN_UNDECLARED_SELECTOR = YES;
				GCC_WARN_UNINITIALIZED_AUTOS = YES_AGGRESSIVE;
				GCC_WARN_UNUSED_FUNCTION = YES;
				GCC_WARN_UNUSED_VARIABLE = YES;
				IPHONEOS_DEPLOYMENT_TARGET = 13.0;
				MTL_ENABLE_DEBUG_INFO = INCLUDE_SOURCE;
				MTL_FAST_MATH = YES;
				ONLY_ACTIVE_ARCH = YES;
				SDKROOT = iphoneos;
				SWIFT_ACTIVE_COMPILATION_CONDITIONS = DEBUG;
				SWIFT_OPTIMIZATION_LEVEL = "-Onone";
			};
			name = Debug;
		};
		1ECAD6B12366B73500FBA461 /* Release */ = {
			isa = XCBuildConfiguration;
			buildSettings = {
				ALWAYS_SEARCH_USER_PATHS = NO;
				CLANG_ANALYZER_NONNULL = YES;
				CLANG_ANALYZER_NUMBER_OBJECT_CONVERSION = YES_AGGRESSIVE;
				CLANG_CXX_LANGUAGE_STANDARD = "gnu++14";
				CLANG_CXX_LIBRARY = "libc++";
				CLANG_ENABLE_MODULES = YES;
				CLANG_ENABLE_OBJC_ARC = YES;
				CLANG_ENABLE_OBJC_WEAK = YES;
				CLANG_WARN_BLOCK_CAPTURE_AUTORELEASING = YES;
				CLANG_WARN_BOOL_CONVERSION = YES;
				CLANG_WARN_COMMA = YES;
				CLANG_WARN_CONSTANT_CONVERSION = YES;
				CLANG_WARN_DEPRECATED_OBJC_IMPLEMENTATIONS = YES;
				CLANG_WARN_DIRECT_OBJC_ISA_USAGE = YES_ERROR;
				CLANG_WARN_DOCUMENTATION_COMMENTS = YES;
				CLANG_WARN_EMPTY_BODY = YES;
				CLANG_WARN_ENUM_CONVERSION = YES;
				CLANG_WARN_INFINITE_RECURSION = YES;
				CLANG_WARN_INT_CONVERSION = YES;
				CLANG_WARN_NON_LITERAL_NULL_CONVERSION = YES;
				CLANG_WARN_OBJC_IMPLICIT_RETAIN_SELF = YES;
				CLANG_WARN_OBJC_LITERAL_CONVERSION = YES;
				CLANG_WARN_OBJC_ROOT_CLASS = YES_ERROR;
				CLANG_WARN_RANGE_LOOP_ANALYSIS = YES;
				CLANG_WARN_STRICT_PROTOTYPES = YES;
				CLANG_WARN_SUSPICIOUS_MOVE = YES;
				CLANG_WARN_UNGUARDED_AVAILABILITY = YES_AGGRESSIVE;
				CLANG_WARN_UNREACHABLE_CODE = YES;
				CLANG_WARN__DUPLICATE_METHOD_MATCH = YES;
				COPY_PHASE_STRIP = NO;
				DEBUG_INFORMATION_FORMAT = "dwarf-with-dsym";
				ENABLE_NS_ASSERTIONS = NO;
				ENABLE_STRICT_OBJC_MSGSEND = YES;
				GCC_C_LANGUAGE_STANDARD = gnu11;
				GCC_NO_COMMON_BLOCKS = YES;
				GCC_WARN_64_TO_32_BIT_CONVERSION = YES;
				GCC_WARN_ABOUT_RETURN_TYPE = YES_ERROR;
				GCC_WARN_UNDECLARED_SELECTOR = YES;
				GCC_WARN_UNINITIALIZED_AUTOS = YES_AGGRESSIVE;
				GCC_WARN_UNUSED_FUNCTION = YES;
				GCC_WARN_UNUSED_VARIABLE = YES;
				IPHONEOS_DEPLOYMENT_TARGET = 13.0;
				MTL_ENABLE_DEBUG_INFO = NO;
				MTL_FAST_MATH = YES;
				SDKROOT = iphoneos;
				SWIFT_COMPILATION_MODE = wholemodule;
				SWIFT_OPTIMIZATION_LEVEL = "-O";
				VALIDATE_PRODUCT = YES;
			};
			name = Release;
		};
		1ECAD6B32366B73500FBA461 /* Debug */ = {
			isa = XCBuildConfiguration;
			buildSettings = {
				ASSETCATALOG_COMPILER_APPICON_NAME = AppIcon;
				CODE_SIGN_STYLE = Automatic;
				DEVELOPMENT_TEAM = DN92XS8U86;
				INFOPLIST_FILE = MySmartHome/Info.plist;
				LD_RUNPATH_SEARCH_PATHS = (
					"$(inherited)",
					"@executable_path/Frameworks",
				);
				PRODUCT_BUNDLE_IDENTIFIER = se.Bjorn.Ahstrom.MySmartHome;
				PRODUCT_NAME = "$(TARGET_NAME)";
				SWIFT_VERSION = 5.0;
				TARGETED_DEVICE_FAMILY = "1,2";
			};
			name = Debug;
		};
		1ECAD6B42366B73500FBA461 /* Release */ = {
			isa = XCBuildConfiguration;
			buildSettings = {
				ASSETCATALOG_COMPILER_APPICON_NAME = AppIcon;
				CODE_SIGN_STYLE = Automatic;
				DEVELOPMENT_TEAM = DN92XS8U86;
				INFOPLIST_FILE = MySmartHome/Info.plist;
				LD_RUNPATH_SEARCH_PATHS = (
					"$(inherited)",
					"@executable_path/Frameworks",
				);
				PRODUCT_BUNDLE_IDENTIFIER = se.Bjorn.Ahstrom.MySmartHome;
				PRODUCT_NAME = "$(TARGET_NAME)";
				SWIFT_VERSION = 5.0;
				TARGETED_DEVICE_FAMILY = "1,2";
			};
			name = Release;
		};
/* End XCBuildConfiguration section */

/* Begin XCConfigurationList section */
		1ECAD6962366B73400FBA461 /* Build configuration list for PBXProject "MySmartHome" */ = {
			isa = XCConfigurationList;
			buildConfigurations = (
				1ECAD6B02366B73500FBA461 /* Debug */,
				1ECAD6B12366B73500FBA461 /* Release */,
			);
			defaultConfigurationIsVisible = 0;
			defaultConfigurationName = Release;
		};
		1ECAD6B22366B73500FBA461 /* Build configuration list for PBXNativeTarget "MySmartHome" */ = {
			isa = XCConfigurationList;
			buildConfigurations = (
				1ECAD6B32366B73500FBA461 /* Debug */,
				1ECAD6B42366B73500FBA461 /* Release */,
			);
			defaultConfigurationIsVisible = 0;
			defaultConfigurationName = Release;
		};
/* End XCConfigurationList section */

/* Begin XCVersionGroup section */
		1ECAD6A72366B73400FBA461 /* MySmartHome.xcdatamodeld */ = {
			isa = XCVersionGroup;
			children = (
				1ECAD6A82366B73400FBA461 /* MySmartHome.xcdatamodel */,
			);
			currentVersion = 1ECAD6A82366B73400FBA461 /* MySmartHome.xcdatamodel */;
			path = MySmartHome.xcdatamodeld;
			sourceTree = "<group>";
			versionGroupType = wrapper.xcdatamodel;
		};
/* End XCVersionGroup section */
	};
	rootObject = 1ECAD6932366B73400FBA461 /* Project object */;
}
